
Microsoft Visual Studio Solution File, Format Version 12.00
Project("{FAE04EC0-301F-11D3-BF4B-00C04F79EFBC}") = "Domain", "Domain\Domain.csproj", "{F31A5800-AF46-46E3-BE97-989ABEF9514A}"
EndProject
Project("{FAE04EC0-301F-11D3-BF4B-00C04F79EFBC}") = "DAL", "DAL\DAL.csproj", "{8523C6B9-E286-4A95-9EDC-BFED1830392C}"
EndProject
Project("{FAE04EC0-301F-11D3-BF4B-00C04F79EFBC}") = "BL", "BL\BL.csproj", "{BBAF876C-7C61-4130-A21F-C92D75D304A7}"
EndProject
Project("{FAE04EC0-301F-11D3-BF4B-00C04F79EFBC}") = "ConsoleApp", "ConsoleApp\ConsoleApp.csproj", "{2969DB15-014B-4389-8A16-90419FB981C3}"
EndProject
Project("{FAE04EC0-301F-11D3-BF4B-00C04F79EFBC}") = "Website", "Website\Website.csproj", "{8BDFD431-945D-4E89-8DBD-4BF42B943D56}"
EndProject
Global
	GlobalSection(SolutionConfigurationPlatforms) = preSolution
		Debug|Any CPU = Debug|Any CPU
		Release|Any CPU = Release|Any CPU
	EndGlobalSection
	GlobalSection(ProjectConfigurationPlatforms) = postSolution
		{F31A5800-AF46-46E3-BE97-989ABEF9514A}.Debug|Any CPU.ActiveCfg = Debug|Any CPU
		{F31A5800-AF46-46E3-BE97-989ABEF9514A}.Debug|Any CPU.Build.0 = Debug|Any CPU
		{F31A5800-AF46-46E3-BE97-989ABEF9514A}.Release|Any CPU.ActiveCfg = Release|Any CPU
		{F31A5800-AF46-46E3-BE97-989ABEF9514A}.Release|Any CPU.Build.0 = Release|Any CPU
		{8523C6B9-E286-4A95-9EDC-BFED1830392C}.Debug|Any CPU.ActiveCfg = Debug|Any CPU
		{8523C6B9-E286-4A95-9EDC-BFED1830392C}.Debug|Any CPU.Build.0 = Debug|Any CPU
		{8523C6B9-E286-4A95-9EDC-BFED1830392C}.Release|Any CPU.ActiveCfg = Release|Any CPU
		{8523C6B9-E286-4A95-9EDC-BFED1830392C}.Release|Any CPU.Build.0 = Release|Any CPU
		{BBAF876C-7C61-4130-A21F-C92D75D304A7}.Debug|Any CPU.ActiveCfg = Debug|Any CPU
		{BBAF876C-7C61-4130-A21F-C92D75D304A7}.Debug|Any CPU.Build.0 = Debug|Any CPU
		{BBAF876C-7C61-4130-A21F-C92D75D304A7}.Release|Any CPU.ActiveCfg = Release|Any CPU
		{BBAF876C-7C61-4130-A21F-C92D75D304A7}.Release|Any CPU.Build.0 = Release|Any CPU
		{2969DB15-014B-4389-8A16-90419FB981C3}.Debug|Any CPU.ActiveCfg = Debug|Any CPU
		{2969DB15-014B-4389-8A16-90419FB981C3}.Debug|Any CPU.Build.0 = Debug|Any CPU
		{2969DB15-014B-4389-8A16-90419FB981C3}.Release|Any CPU.ActiveCfg = Release|Any CPU
		{2969DB15-014B-4389-8A16-90419FB981C3}.Release|Any CPU.Build.0 = Release|Any CPU
		{8BDFD431-945D-4E89-8DBD-4BF42B943D56}.Debug|Any CPU.ActiveCfg = Debug|Any CPU
		{8BDFD431-945D-4E89-8DBD-4BF42B943D56}.Debug|Any CPU.Build.0 = Debug|Any CPU
		{8BDFD431-945D-4E89-8DBD-4BF42B943D56}.Release|Any CPU.ActiveCfg = Release|Any CPU
		{8BDFD431-945D-4E89-8DBD-4BF42B943D56}.Release|Any CPU.Build.0 = Release|Any CPU
	EndGlobalSection
EndGlobal
